
Microsoft Visual Studio Solution File, Format Version 12.00
# Visual Studio Version 17
VisualStudioVersion = 17.14.36327.8
MinimumVisualStudioVersion = 10.0.40219.1
Project("{FAE04EC0-301F-11D3-BF4B-00C04F79EFBC}") = "PosWebApp", "PosWebApp\PosWebApp.csproj", "{AEB5AF32-B4C8-4F4F-825B-21A2E52D296E}"
EndProject
Project("{2150E333-8FDC-42A3-9474-1A3956D46DE8}") = "sql", "sql", "{02EA681E-C7D8-13C7-8484-4AC65E1B71E8}"
	ProjectSection(SolutionItems) = preProject
		init_schema.sql = init_schema.sql
	EndProjectSection
EndProject
Project("{FAE04EC0-301F-11D3-BF4B-00C04F79EFBC}") = "PosWebAppCommon", "PosWebApp.Common\PosWebAppCommon.csproj", "{0641EE9A-12C2-4772-94A5-5BAF01BE6B88}"
EndProject
Project("{FAE04EC0-301F-11D3-BF4B-00C04F79EFBC}") = "PosWebAppBusinessLogic", "PosWebApp.BusinessLogic\PosWebAppBusinessLogic.csproj", "{45980ACA-F913-460F-B108-E469F31B12F6}"
EndProject
Project("{2150E333-8FDC-42A3-9474-1A3956D46DE8}") = "Solution Items", "Solution Items", "{8EC462FD-D22E-90A8-E5CE-7E832BA40C5D}"
EndProject
Global
	GlobalSection(SolutionConfigurationPlatforms) = preSolution
		Debug|Any CPU = Debug|Any CPU
		Release|Any CPU = Release|Any CPU
	EndGlobalSection
	GlobalSection(ProjectConfigurationPlatforms) = postSolution
		{AEB5AF32-B4C8-4F4F-825B-21A2E52D296E}.Debug|Any CPU.ActiveCfg = Debug|Any CPU
		{AEB5AF32-B4C8-4F4F-825B-21A2E52D296E}.Debug|Any CPU.Build.0 = Debug|Any CPU
		{AEB5AF32-B4C8-4F4F-825B-21A2E52D296E}.Release|Any CPU.ActiveCfg = Release|Any CPU
		{AEB5AF32-B4C8-4F4F-825B-21A2E52D296E}.Release|Any CPU.Build.0 = Release|Any CPU
		{0641EE9A-12C2-4772-94A5-5BAF01BE6B88}.Debug|Any CPU.ActiveCfg = Debug|Any CPU
		{0641EE9A-12C2-4772-94A5-5BAF01BE6B88}.Debug|Any CPU.Build.0 = Debug|Any CPU
		{0641EE9A-12C2-4772-94A5-5BAF01BE6B88}.Release|Any CPU.ActiveCfg = Release|Any CPU
		{0641EE9A-12C2-4772-94A5-5BAF01BE6B88}.Release|Any CPU.Build.0 = Release|Any CPU
		{45980ACA-F913-460F-B108-E469F31B12F6}.Debug|Any CPU.ActiveCfg = Debug|Any CPU
		{45980ACA-F913-460F-B108-E469F31B12F6}.Debug|Any CPU.Build.0 = Debug|Any CPU
		{45980ACA-F913-460F-B108-E469F31B12F6}.Release|Any CPU.ActiveCfg = Release|Any CPU
		{45980ACA-F913-460F-B108-E469F31B12F6}.Release|Any CPU.Build.0 = Release|Any CPU
	EndGlobalSection
	GlobalSection(SolutionProperties) = preSolution
		HideSolutionNode = FALSE
	EndGlobalSection
	GlobalSection(ExtensibilityGlobals) = postSolution
		SolutionGuid = {7123877E-C037-46AF-BDFF-197C796B5198}
	EndGlobalSection
EndGlobal
